
Microsoft Visual Studio Solution File, Format Version 12.00
# Visual Studio Version 17
VisualStudioVersion = 17.2.32505.173
MinimumVisualStudioVersion = 10.0.40219.1
Project("{FAE04EC0-301F-11D3-BF4B-00C04F79EFBC}") = "APIHealth", "APIHealth\APIHealth.csproj", "{A2E1687B-0044-4D9C-939E-0EEF598ED7F6}"
EndProject
Project("{FAE04EC0-301F-11D3-BF4B-00C04F79EFBC}") = "HealthAPILibrary", "HealthAPILibrary\HealthAPILibrary.csproj", "{1D7CB92D-7E85-46CE-8098-C20B82C39960}"
EndProject
Global
	GlobalSection(SolutionConfigurationPlatforms) = preSolution
		Debug|Any CPU = Debug|Any CPU
		Release|Any CPU = Release|Any CPU
	EndGlobalSection
	GlobalSection(ProjectConfigurationPlatforms) = postSolution
		{A2E1687B-0044-4D9C-939E-0EEF598ED7F6}.Debug|Any CPU.ActiveCfg = Debug|Any CPU
		{A2E1687B-0044-4D9C-939E-0EEF598ED7F6}.Debug|Any CPU.Build.0 = Debug|Any CPU
		{A2E1687B-0044-4D9C-939E-0EEF598ED7F6}.Release|Any CPU.ActiveCfg = Release|Any CPU
		{A2E1687B-0044-4D9C-939E-0EEF598ED7F6}.Release|Any CPU.Build.0 = Release|Any CPU
		{1D7CB92D-7E85-46CE-8098-C20B82C39960}.Debug|Any CPU.ActiveCfg = Debug|Any CPU
		{1D7CB92D-7E85-46CE-8098-C20B82C39960}.Debug|Any CPU.Build.0 = Debug|Any CPU
		{1D7CB92D-7E85-46CE-8098-C20B82C39960}.Release|Any CPU.ActiveCfg = Release|Any CPU
		{1D7CB92D-7E85-46CE-8098-C20B82C39960}.Release|Any CPU.Build.0 = Release|Any CPU
	EndGlobalSection
	GlobalSection(SolutionProperties) = preSolution
		HideSolutionNode = FALSE
	EndGlobalSection
	GlobalSection(ExtensibilityGlobals) = postSolution
		SolutionGuid = {78830E3A-068D-4E37-8EB0-C366E6446C05}
	EndGlobalSection
EndGlobal
